Microsoft Visual Studio Solution File, Format Version 12.00
# Visual Studio Version 16
VisualStudioVersion = 16.0.28729.10
MinimumVisualStudioVersion = 10.0.40219.1
Project("{9A19103F-16F7-4668-BE54-9A1E7A4F7556}") = "Ancorazor.Service", "Ancorazor.Service\Ancorazor.Service.csproj", "{D274EF03-E956-40EF-B874-58A5FBE83A00}"
EndProject
Project("{9A19103F-16F7-4668-BE54-9A1E7A4F7556}") = "Ancorazor.API", "Ancorazor.API\Ancorazor.API.csproj", "{CEA52B07-9E7F-4A4D-AF6D-4C43E7255D0E}"
EndProject
Project("{2150E333-8FDC-42A3-9474-1A3956D46DE8}") = "API", "API", "{20C12BB6-7202-46F4-9A92-3528FFC2B91B}"
EndProject
Project("{9A19103F-16F7-4668-BE54-9A1E7A4F7556}") = "Ancorazor.API.Messages", "Ancorazor.Messages\Ancorazor.API.Messages.csproj", "{A3F5E63D-3621-4406-B0A1-76A6EA02C96E}"
EndProject
Project("{9A19103F-16F7-4668-BE54-9A1E7A4F7556}") = "Siegrain.Common", "Siegrain.Common\Siegrain.Common.csproj", "{521E7E18-5695-4122-96E4-F4CA23E22D8F}"
EndProject
Project("{9A19103F-16F7-4668-BE54-9A1E7A4F7556}") = "Ancorazor.API.Common", "Ancorazor.API.Common\Ancorazor.API.Common.csproj", "{1872BF42-DF9B-4D3C-ABDA-710EDC38F044}"
EndProject
Project("{9A19103F-16F7-4668-BE54-9A1E7A4F7556}") = "Ancorazor.Entity", "Ancorazor.Entity\Ancorazor.Entity.csproj", "{B379DBB2-FF6E-4A80-A29B-54BFD98EC166}"
EndProject
Project("{2150E333-8FDC-42A3-9474-1A3956D46DE8}") = "build", "build", "{FECD17D6-D78E-4913-A37A-12F43D222D7C}"
	ProjectSection(SolutionItems) = preProject
		.dockerignore = .dockerignore
		build\dev.ps1 = build\dev.ps1
		build\dev.sh = build\dev.sh
		build\docker-compose.dev.yml = build\docker-compose.dev.yml
		build\docker-compose.prod.yml = build\docker-compose.prod.yml
		build\docker-compose.yml = build\docker-compose.yml
		Dockerfile = Dockerfile
		build\release-script.sh = build\release-script.sh
	EndProjectSection
EndProject
Project("{2150E333-8FDC-42A3-9474-1A3956D46DE8}") = "Dashboard", "Dashboard", "{521CFD0A-0A78-433D-A4A6-A31303EF576D}"
EndProject
Project("{2150E333-8FDC-42A3-9474-1A3956D46DE8}") = "config", "config", "{EE7D2A50-C286-4BFB-B855-D204886A2B58}"
	ProjectSection(SolutionItems) = preProject
		build\config\alarm-settings.yml = build\config\alarm-settings.yml
		build\config\application.yml = build\config\application.yml
		build\config\component-libraries.yml = build\config\component-libraries.yml
		build\config\datasource-settings.properties = build\config\datasource-settings.properties
		build\config\log4j2.xml = build\config\log4j2.xml
	EndProjectSection
EndProject
Project("{9A19103F-16F7-4668-BE54-9A1E7A4F7556}") = "Ancorazor.API.Tests", "Ancorazor.API.Tests\Ancorazor.API.Tests.csproj", "{46F658F1-3C5C-4AE0-8AB3-7C45C2EB9454}"
EndProject
Project("{2150E333-8FDC-42A3-9474-1A3956D46DE8}") = "Tests", "Tests", "{F1590BB5-E6FB-4009-8BE3-38CC5AFA6C0B}"
EndProject
Project("{9A19103F-16F7-4668-BE54-9A1E7A4F7556}") = "Ancorazor.Tests.Common", "Ancorazor.Tests.Common\Ancorazor.Tests.Common.csproj", "{D73BA09A-9D42-4839-84A6-129977B11DDF}"
EndProject
Project("{2150E333-8FDC-42A3-9474-1A3956D46DE8}") = "Resources", "Resources", "{CF992B81-3E81-4CCD-AF3F-400BA1DF66C0}"
	ProjectSection(SolutionItems) = preProject
		.gitignore = .gitignore
		azure-pipelines.yml = azure-pipelines.yml
		LICENSE = LICENSE
		README-CN.md = README-CN.md
		README.md = README.md
	EndProjectSection
EndProject
Project("{2150E333-8FDC-42A3-9474-1A3956D46DE8}") = "skywalking-ui-config", "skywalking-ui-config", "{51729D02-E74A-450E-92FA-F8E535E918E4}"
	ProjectSection(SolutionItems) = preProject
		build\skywalking-ui-config\webapp.prod.yml = build\skywalking-ui-config\webapp.prod.yml
	EndProjectSection
EndProject
Project("{2150E333-8FDC-42A3-9474-1A3956D46DE8}") = "htpasswd", "htpasswd", "{34771CF0-E782-4090-AB01-F33B5369BF08}"
	ProjectSection(SolutionItems) = preProject
		build\htpasswd\apm.siegrain.wang = build\htpasswd\apm.siegrain.wang
	EndProjectSection
EndProject
Global
	GlobalSection(SolutionConfigurationPlatforms) = preSolution
		Debug|Any CPU = Debug|Any CPU
		Release|Any CPU = Release|Any CPU
	EndGlobalSection
	GlobalSection(ProjectConfigurationPlatforms) = postSolution
		{D274EF03-E956-40EF-B874-58A5FBE83A00}.Debug|Any CPU.ActiveCfg = Debug|Any CPU
		{D274EF03-E956-40EF-B874-58A5FBE83A00}.Debug|Any CPU.Build.0 = Debug|Any CPU
		{D274EF03-E956-40EF-B874-58A5FBE83A00}.Release|Any CPU.ActiveCfg = Release|Any CPU
		{D274EF03-E956-40EF-B874-58A5FBE83A00}.Release|Any CPU.Build.0 = Release|Any CPU
		{CEA52B07-9E7F-4A4D-AF6D-4C43E7255D0E}.Debug|Any CPU.ActiveCfg = Debug|Any CPU
		{CEA52B07-9E7F-4A4D-AF6D-4C43E7255D0E}.Debug|Any CPU.Build.0 = Debug|Any CPU
		{CEA52B07-9E7F-4A4D-AF6D-4C43E7255D0E}.Release|Any CPU.ActiveCfg = Release|Any CPU
		{CEA52B07-9E7F-4A4D-AF6D-4C43E7255D0E}.Release|Any CPU.Build.0 = Release|Any CPU
		{A3F5E63D-3621-4406-B0A1-76A6EA02C96E}.Debug|Any CPU.ActiveCfg = Debug|Any CPU
		{A3F5E63D-3621-4406-B0A1-76A6EA02C96E}.Debug|Any CPU.Build.0 = Debug|Any CPU
		{A3F5E63D-3621-4406-B0A1-76A6EA02C96E}.Release|Any CPU.ActiveCfg = Release|Any CPU
		{A3F5E63D-3621-4406-B0A1-76A6EA02C96E}.Release|Any CPU.Build.0 = Release|Any CPU
		{521E7E18-5695-4122-96E4-F4CA23E22D8F}.Debug|Any CPU.ActiveCfg = Debug|Any CPU
		{521E7E18-5695-4122-96E4-F4CA23E22D8F}.Debug|Any CPU.Build.0 = Debug|Any CPU
		{521E7E18-5695-4122-96E4-F4CA23E22D8F}.Release|Any CPU.ActiveCfg = Release|Any CPU
		{521E7E18-5695-4122-96E4-F4CA23E22D8F}.Release|Any CPU.Build.0 = Release|Any CPU
		{1872BF42-DF9B-4D3C-ABDA-710EDC38F044}.Debug|Any CPU.ActiveCfg = Debug|Any CPU
		{1872BF42-DF9B-4D3C-ABDA-710EDC38F044}.Debug|Any CPU.Build.0 = Debug|Any CPU
		{1872BF42-DF9B-4D3C-ABDA-710EDC38F044}.Release|Any CPU.ActiveCfg = Release|Any CPU
		{1872BF42-DF9B-4D3C-ABDA-710EDC38F044}.Release|Any CPU.Build.0 = Release|Any CPU
		{B379DBB2-FF6E-4A80-A29B-54BFD98EC166}.Debug|Any CPU.ActiveCfg = Debug|Any CPU
		{B379DBB2-FF6E-4A80-A29B-54BFD98EC166}.Debug|Any CPU.Build.0 = Debug|Any CPU
		{B379DBB2-FF6E-4A80-A29B-54BFD98EC166}.Release|Any CPU.ActiveCfg = Release|Any CPU
		{B379DBB2-FF6E-4A80-A29B-54BFD98EC166}.Release|Any CPU.Build.0 = Release|Any CPU
		{46F658F1-3C5C-4AE0-8AB3-7C45C2EB9454}.Debug|Any CPU.ActiveCfg = Debug|Any CPU
		{46F658F1-3C5C-4AE0-8AB3-7C45C2EB9454}.Debug|Any CPU.Build.0 = Debug|Any CPU
		{46F658F1-3C5C-4AE0-8AB3-7C45C2EB9454}.Release|Any CPU.ActiveCfg = Release|Any CPU
		{46F658F1-3C5C-4AE0-8AB3-7C45C2EB9454}.Release|Any CPU.Build.0 = Release|Any CPU
		{D73BA09A-9D42-4839-84A6-129977B11DDF}.Debug|Any CPU.ActiveCfg = Debug|Any CPU
		{D73BA09A-9D42-4839-84A6-129977B11DDF}.Debug|Any CPU.Build.0 = Debug|Any CPU
		{D73BA09A-9D42-4839-84A6-129977B11DDF}.Release|Any CPU.ActiveCfg = Release|Any CPU
		{D73BA09A-9D42-4839-84A6-129977B11DDF}.Release|Any CPU.Build.0 = Release|Any CPU
	EndGlobalSection
	GlobalSection(SolutionProperties) = preSolution
		HideSolutionNode = FALSE
	EndGlobalSection
	GlobalSection(NestedProjects) = preSolution
		{CEA52B07-9E7F-4A4D-AF6D-4C43E7255D0E} = {20C12BB6-7202-46F4-9A92-3528FFC2B91B}
		{A3F5E63D-3621-4406-B0A1-76A6EA02C96E} = {20C12BB6-7202-46F4-9A92-3528FFC2B91B}
		{1872BF42-DF9B-4D3C-ABDA-710EDC38F044} = {20C12BB6-7202-46F4-9A92-3528FFC2B91B}
		{EE7D2A50-C286-4BFB-B855-D204886A2B58} = {FECD17D6-D78E-4913-A37A-12F43D222D7C}
		{46F658F1-3C5C-4AE0-8AB3-7C45C2EB9454} = {F1590BB5-E6FB-4009-8BE3-38CC5AFA6C0B}
		{D73BA09A-9D42-4839-84A6-129977B11DDF} = {F1590BB5-E6FB-4009-8BE3-38CC5AFA6C0B}
		{51729D02-E74A-450E-92FA-F8E535E918E4} = {FECD17D6-D78E-4913-A37A-12F43D222D7C}
		{34771CF0-E782-4090-AB01-F33B5369BF08} = {FECD17D6-D78E-4913-A37A-12F43D222D7C}
	EndGlobalSection
	GlobalSection(ExtensibilityGlobals) = postSolution
		SolutionGuid = {15D44F91-9990-4376-AE34-DA10D7EF66F0}
	EndGlobalSection
EndGlobal
