Microsoft Visual Studio Solution File, Format Version 12.00
# Visual Studio Version 16
VisualStudioVersion = 16.0.28729.10
MinimumVisualStudioVersion = 10.0.40219.1
Project("{9A19103F-16F7-4668-BE54-9A1E7A4F7556}") = "Blog.Service", "Blog.Service\Blog.Service.csproj", "{D274EF03-E956-40EF-B874-58A5FBE83A00}"
EndProject
Project("{9A19103F-16F7-4668-BE54-9A1E7A4F7556}") = "Blog.API", "Blog.API\Blog.API.csproj", "{CEA52B07-9E7F-4A4D-AF6D-4C43E7255D0E}"
EndProject
Project("{2150E333-8FDC-42A3-9474-1A3956D46DE8}") = "API", "API", "{20C12BB6-7202-46F4-9A92-3528FFC2B91B}"
EndProject
Project("{9A19103F-16F7-4668-BE54-9A1E7A4F7556}") = "Blog.API.Messages", "Blog.Messages\Blog.API.Messages.csproj", "{A3F5E63D-3621-4406-B0A1-76A6EA02C96E}"
EndProject
Project("{9A19103F-16F7-4668-BE54-9A1E7A4F7556}") = "Siegrain.Common", "Siegrain.Common\Siegrain.Common.csproj", "{521E7E18-5695-4122-96E4-F4CA23E22D8F}"
EndProject
Project("{9A19103F-16F7-4668-BE54-9A1E7A4F7556}") = "Blog.API.Common", "Blog.API.Common\Blog.API.Common.csproj", "{1872BF42-DF9B-4D3C-ABDA-710EDC38F044}"
EndProject
Project("{9A19103F-16F7-4668-BE54-9A1E7A4F7556}") = "Blog.Entity", "Blog.Entity\Blog.Entity.csproj", "{B379DBB2-FF6E-4A80-A29B-54BFD98EC166}"
EndProject
Project("{2150E333-8FDC-42A3-9474-1A3956D46DE8}") = "build", "build", "{FECD17D6-D78E-4913-A37A-12F43D222D7C}"
	ProjectSection(SolutionItems) = preProject
		.dockerignore = .dockerignore
		build\docker-compose.yml = build\docker-compose.yml
		Dockerfile = Dockerfile
		build\readme.md = build\readme.md
		build\release-script.sh = build\release-script.sh
	EndProjectSection
EndProject
Project("{2150E333-8FDC-42A3-9474-1A3956D46DE8}") = "Dashboard", "Dashboard", "{521CFD0A-0A78-433D-A4A6-A31303EF576D}"
EndProject
Global
	GlobalSection(SolutionConfigurationPlatforms) = preSolution
		Debug|Any CPU = Debug|Any CPU
		Release|Any CPU = Release|Any CPU
	EndGlobalSection
	GlobalSection(ProjectConfigurationPlatforms) = postSolution
		{D274EF03-E956-40EF-B874-58A5FBE83A00}.Debug|Any CPU.ActiveCfg = Debug|Any CPU
		{D274EF03-E956-40EF-B874-58A5FBE83A00}.Debug|Any CPU.Build.0 = Debug|Any CPU
		{D274EF03-E956-40EF-B874-58A5FBE83A00}.Release|Any CPU.ActiveCfg = Release|Any CPU
		{D274EF03-E956-40EF-B874-58A5FBE83A00}.Release|Any CPU.Build.0 = Release|Any CPU
		{CEA52B07-9E7F-4A4D-AF6D-4C43E7255D0E}.Debug|Any CPU.ActiveCfg = Debug|Any CPU
		{CEA52B07-9E7F-4A4D-AF6D-4C43E7255D0E}.Debug|Any CPU.Build.0 = Debug|Any CPU
		{CEA52B07-9E7F-4A4D-AF6D-4C43E7255D0E}.Release|Any CPU.ActiveCfg = Release|Any CPU
		{CEA52B07-9E7F-4A4D-AF6D-4C43E7255D0E}.Release|Any CPU.Build.0 = Release|Any CPU
		{A3F5E63D-3621-4406-B0A1-76A6EA02C96E}.Debug|Any CPU.ActiveCfg = Debug|Any CPU
		{A3F5E63D-3621-4406-B0A1-76A6EA02C96E}.Debug|Any CPU.Build.0 = Debug|Any CPU
		{A3F5E63D-3621-4406-B0A1-76A6EA02C96E}.Release|Any CPU.ActiveCfg = Release|Any CPU
		{A3F5E63D-3621-4406-B0A1-76A6EA02C96E}.Release|Any CPU.Build.0 = Release|Any CPU
		{521E7E18-5695-4122-96E4-F4CA23E22D8F}.Debug|Any CPU.ActiveCfg = Debug|Any CPU
		{521E7E18-5695-4122-96E4-F4CA23E22D8F}.Debug|Any CPU.Build.0 = Debug|Any CPU
		{521E7E18-5695-4122-96E4-F4CA23E22D8F}.Release|Any CPU.ActiveCfg = Release|Any CPU
		{521E7E18-5695-4122-96E4-F4CA23E22D8F}.Release|Any CPU.Build.0 = Release|Any CPU
		{1872BF42-DF9B-4D3C-ABDA-710EDC38F044}.Debug|Any CPU.ActiveCfg = Debug|Any CPU
		{1872BF42-DF9B-4D3C-ABDA-710EDC38F044}.Debug|Any CPU.Build.0 = Debug|Any CPU
		{1872BF42-DF9B-4D3C-ABDA-710EDC38F044}.Release|Any CPU.ActiveCfg = Release|Any CPU
		{1872BF42-DF9B-4D3C-ABDA-710EDC38F044}.Release|Any CPU.Build.0 = Release|Any CPU
		{B379DBB2-FF6E-4A80-A29B-54BFD98EC166}.Debug|Any CPU.ActiveCfg = Debug|Any CPU
		{B379DBB2-FF6E-4A80-A29B-54BFD98EC166}.Debug|Any CPU.Build.0 = Debug|Any CPU
		{B379DBB2-FF6E-4A80-A29B-54BFD98EC166}.Release|Any CPU.ActiveCfg = Release|Any CPU
		{B379DBB2-FF6E-4A80-A29B-54BFD98EC166}.Release|Any CPU.Build.0 = Release|Any CPU
	EndGlobalSection
	GlobalSection(SolutionProperties) = preSolution
		HideSolutionNode = FALSE
	EndGlobalSection
	GlobalSection(NestedProjects) = preSolution
		{CEA52B07-9E7F-4A4D-AF6D-4C43E7255D0E} = {20C12BB6-7202-46F4-9A92-3528FFC2B91B}
		{A3F5E63D-3621-4406-B0A1-76A6EA02C96E} = {20C12BB6-7202-46F4-9A92-3528FFC2B91B}
		{1872BF42-DF9B-4D3C-ABDA-710EDC38F044} = {20C12BB6-7202-46F4-9A92-3528FFC2B91B}
	EndGlobalSection
	GlobalSection(ExtensibilityGlobals) = postSolution
		SolutionGuid = {15D44F91-9990-4376-AE34-DA10D7EF66F0}
	EndGlobalSection
EndGlobal
