
Microsoft Visual Studio Solution File, Format Version 12.00
# Visual Studio 15
VisualStudioVersion = 15.0.28010.2050
MinimumVisualStudioVersion = 10.0.40219.1
Project("{FAE04EC0-301F-11D3-BF4B-00C04F79EFBC}") = "Blog.Service", "blog.service\Blog.Service.csproj", "{47F0D34D-8655-4914-B419-72B2169A7130}"
EndProject
Project("{FAE04EC0-301F-11D3-BF4B-00C04F79EFBC}") = "Blog.Model", "blog.model\Blog.Model.csproj", "{3621E5A2-D61C-465E-925D-AE441AFF16F6}"
EndProject
Global
	GlobalSection(SolutionConfigurationPlatforms) = preSolution
		Debug|Any CPU = Debug|Any CPU
		Release|Any CPU = Release|Any CPU
	EndGlobalSection
	GlobalSection(ProjectConfigurationPlatforms) = postSolution
		{47F0D34D-8655-4914-B419-72B2169A7130}.Debug|Any CPU.ActiveCfg = Debug|Any CPU
		{47F0D34D-8655-4914-B419-72B2169A7130}.Debug|Any CPU.Build.0 = Debug|Any CPU
		{47F0D34D-8655-4914-B419-72B2169A7130}.Release|Any CPU.ActiveCfg = Release|Any CPU
		{47F0D34D-8655-4914-B419-72B2169A7130}.Release|Any CPU.Build.0 = Release|Any CPU
		{3621E5A2-D61C-465E-925D-AE441AFF16F6}.Debug|Any CPU.ActiveCfg = Debug|Any CPU
		{3621E5A2-D61C-465E-925D-AE441AFF16F6}.Debug|Any CPU.Build.0 = Debug|Any CPU
		{3621E5A2-D61C-465E-925D-AE441AFF16F6}.Release|Any CPU.ActiveCfg = Release|Any CPU
		{3621E5A2-D61C-465E-925D-AE441AFF16F6}.Release|Any CPU.Build.0 = Release|Any CPU
	EndGlobalSection
	GlobalSection(SolutionProperties) = preSolution
		HideSolutionNode = FALSE
	EndGlobalSection
	GlobalSection(ExtensibilityGlobals) = postSolution
		SolutionGuid = {4FE2C9BD-15FD-4874-9921-3648B12DF253}
	EndGlobalSection
EndGlobal
